
Microsoft Visual Studio Solution File, Format Version 12.00
# Visual Studio Version 17
VisualStudioVersion = 17.0.31903.59
MinimumVisualStudioVersion = 10.0.40219.1
Project("{2150E333-8FDC-42A3-9474-1A3956D46DE8}") = "src", "src", "{E8B9C8A0-CAC9-433B-8418-03546D11B858}"
EndProject
Project("{2150E333-8FDC-42A3-9474-1A3956D46DE8}") = "AuthService", "AuthService", "{9475C5BE-1713-4341-94AC-25597B33A905}"
EndProject
Project("{FAE04EC0-301F-11D3-BF4B-00C04F79EFBC}") = "AuthService", "src\AuthService\AuthService\AuthService.csproj", "{720D3E62-1432-441A-9684-2B24911B8FC3}"
EndProject
Project("{2150E333-8FDC-42A3-9474-1A3956D46DE8}") = "NapasService", "NapasService", "{73AA095A-C1DC-4FC3-A0A6-74CDA0107670}"
EndProject
Project("{FAE04EC0-301F-11D3-BF4B-00C04F79EFBC}") = "NapasService", "src\NapasService\NapasService\NapasService.csproj", "{EDFBF059-9821-461F-91FF-ADDFFD29DD64}"
EndProject
Project("{2150E333-8FDC-42A3-9474-1A3956D46DE8}") = "BankA", "BankA", "{23A30D32-144D-4A38-9053-3BD4BA4C8B2C}"
EndProject
Project("{FAE04EC0-301F-11D3-BF4B-00C04F79EFBC}") = "BankA", "src\BankA\BankA\BankA.csproj", "{1C6BF89E-E333-424F-9D94-1709A9E749AE}"
EndProject
Project("{2150E333-8FDC-42A3-9474-1A3956D46DE8}") = "BankB", "BankB", "{B7F9A826-D72E-461C-9A6D-0C128D051FAF}"
EndProject
Project("{FAE04EC0-301F-11D3-BF4B-00C04F79EFBC}") = "BankB", "src\BankB\BankB\BankB.csproj", "{A1E71911-4941-46DD-A467-C338C0584618}"
EndProject
Project("{2150E333-8FDC-42A3-9474-1A3956D46DE8}") = "BankC", "BankC", "{D115EE93-AB3B-45C8-B686-2BDA8AD72948}"
EndProject
Project("{FAE04EC0-301F-11D3-BF4B-00C04F79EFBC}") = "BankC", "src\BankC\BankC\BankC.csproj", "{5B7FF856-7A34-4022-A32E-EA45463D4963}"
EndProject
Project("{2150E333-8FDC-42A3-9474-1A3956D46DE8}") = "ApiGateway", "ApiGateway", "{84F8DFEE-7A75-4D02-BD40-F04E0E241C27}"
EndProject
Project("{FAE04EC0-301F-11D3-BF4B-00C04F79EFBC}") = "ApiGateway", "src\ApiGateway\ApiGateway\ApiGateway.csproj", "{36BC1CDB-FA74-41EB-984A-02B4A4DC0662}"
EndProject
Global
	GlobalSection(SolutionConfigurationPlatforms) = preSolution
		Debug|Any CPU = Debug|Any CPU
		Release|Any CPU = Release|Any CPU
	EndGlobalSection
	GlobalSection(SolutionProperties) = preSolution
		HideSolutionNode = FALSE
	EndGlobalSection
	GlobalSection(ProjectConfigurationPlatforms) = postSolution
		{720D3E62-1432-441A-9684-2B24911B8FC3}.Debug|Any CPU.ActiveCfg = Debug|Any CPU
		{720D3E62-1432-441A-9684-2B24911B8FC3}.Debug|Any CPU.Build.0 = Debug|Any CPU
		{720D3E62-1432-441A-9684-2B24911B8FC3}.Release|Any CPU.ActiveCfg = Release|Any CPU
		{720D3E62-1432-441A-9684-2B24911B8FC3}.Release|Any CPU.Build.0 = Release|Any CPU
		{EDFBF059-9821-461F-91FF-ADDFFD29DD64}.Debug|Any CPU.ActiveCfg = Debug|Any CPU
		{EDFBF059-9821-461F-91FF-ADDFFD29DD64}.Debug|Any CPU.Build.0 = Debug|Any CPU
		{EDFBF059-9821-461F-91FF-ADDFFD29DD64}.Release|Any CPU.ActiveCfg = Release|Any CPU
		{EDFBF059-9821-461F-91FF-ADDFFD29DD64}.Release|Any CPU.Build.0 = Release|Any CPU
		{1C6BF89E-E333-424F-9D94-1709A9E749AE}.Debug|Any CPU.ActiveCfg = Debug|Any CPU
		{1C6BF89E-E333-424F-9D94-1709A9E749AE}.Debug|Any CPU.Build.0 = Debug|Any CPU
		{1C6BF89E-E333-424F-9D94-1709A9E749AE}.Release|Any CPU.ActiveCfg = Release|Any CPU
		{1C6BF89E-E333-424F-9D94-1709A9E749AE}.Release|Any CPU.Build.0 = Release|Any CPU
		{A1E71911-4941-46DD-A467-C338C0584618}.Debug|Any CPU.ActiveCfg = Debug|Any CPU
		{A1E71911-4941-46DD-A467-C338C0584618}.Debug|Any CPU.Build.0 = Debug|Any CPU
		{A1E71911-4941-46DD-A467-C338C0584618}.Release|Any CPU.ActiveCfg = Release|Any CPU
		{A1E71911-4941-46DD-A467-C338C0584618}.Release|Any CPU.Build.0 = Release|Any CPU
		{5B7FF856-7A34-4022-A32E-EA45463D4963}.Debug|Any CPU.ActiveCfg = Debug|Any CPU
		{5B7FF856-7A34-4022-A32E-EA45463D4963}.Debug|Any CPU.Build.0 = Debug|Any CPU
		{5B7FF856-7A34-4022-A32E-EA45463D4963}.Release|Any CPU.ActiveCfg = Release|Any CPU
		{5B7FF856-7A34-4022-A32E-EA45463D4963}.Release|Any CPU.Build.0 = Release|Any CPU
		{36BC1CDB-FA74-41EB-984A-02B4A4DC0662}.Debug|Any CPU.ActiveCfg = Debug|Any CPU
		{36BC1CDB-FA74-41EB-984A-02B4A4DC0662}.Debug|Any CPU.Build.0 = Debug|Any CPU
		{36BC1CDB-FA74-41EB-984A-02B4A4DC0662}.Release|Any CPU.ActiveCfg = Release|Any CPU
		{36BC1CDB-FA74-41EB-984A-02B4A4DC0662}.Release|Any CPU.Build.0 = Release|Any CPU
	EndGlobalSection
	GlobalSection(NestedProjects) = preSolution
		{9475C5BE-1713-4341-94AC-25597B33A905} = {E8B9C8A0-CAC9-433B-8418-03546D11B858}
		{720D3E62-1432-441A-9684-2B24911B8FC3} = {9475C5BE-1713-4341-94AC-25597B33A905}
		{73AA095A-C1DC-4FC3-A0A6-74CDA0107670} = {E8B9C8A0-CAC9-433B-8418-03546D11B858}
		{EDFBF059-9821-461F-91FF-ADDFFD29DD64} = {73AA095A-C1DC-4FC3-A0A6-74CDA0107670}
		{23A30D32-144D-4A38-9053-3BD4BA4C8B2C} = {E8B9C8A0-CAC9-433B-8418-03546D11B858}
		{1C6BF89E-E333-424F-9D94-1709A9E749AE} = {23A30D32-144D-4A38-9053-3BD4BA4C8B2C}
		{B7F9A826-D72E-461C-9A6D-0C128D051FAF} = {E8B9C8A0-CAC9-433B-8418-03546D11B858}
		{A1E71911-4941-46DD-A467-C338C0584618} = {B7F9A826-D72E-461C-9A6D-0C128D051FAF}
		{D115EE93-AB3B-45C8-B686-2BDA8AD72948} = {E8B9C8A0-CAC9-433B-8418-03546D11B858}
		{5B7FF856-7A34-4022-A32E-EA45463D4963} = {D115EE93-AB3B-45C8-B686-2BDA8AD72948}
		{84F8DFEE-7A75-4D02-BD40-F04E0E241C27} = {E8B9C8A0-CAC9-433B-8418-03546D11B858}
		{36BC1CDB-FA74-41EB-984A-02B4A4DC0662} = {84F8DFEE-7A75-4D02-BD40-F04E0E241C27}
	EndGlobalSection
EndGlobal
